// !$*UTF8*$!
{
	archiveVersion = 1;
	classes = {
	};
	objectVersion = 46;
	objects = {

/* Begin PBXBuildFile section */
		B7B802831D1E1781004771E4 /* AppDelegate.swift in Sources */ = {isa = PBXBuildFile; fileRef = B7B802821D1E1781004771E4 /* AppDelegate.swift */; };
		B7B802851D1E1781004771E4 /* ViewController.swift in Sources */ = {isa = PBXBuildFile; fileRef = B7B802841D1E1781004771E4 /* ViewController.swift */; };
		B7B802881D1E1781004771E4 /* Main.storyboard in Resources */ = {isa = PBXBuildFile; fileRef = B7B802861D1E1781004771E4 /* Main.storyboard */; };
		B7B8028A1D1E1781004771E4 /* Assets.xcassets in Resources */ = {isa = PBXBuildFile; fileRef = B7B802891D1E1781004771E4 /* Assets.xcassets */; };
		B7B8028D1D1E1781004771E4 /* LaunchScreen.storyboard in Resources */ = {isa = PBXBuildFile; fileRef = B7B8028B1D1E1781004771E4 /* LaunchScreen.storyboard */; };
		B7B802981D1E1782004771E4 /* _9RedBalloonsTests.swift in Sources */ = {isa = PBXBuildFile; fileRef = B7B802971D1E1782004771E4 /* _9RedBalloonsTests.swift */; };
		B7B802A31D1E1782004771E4 /* _9RedBalloonsUITests.swift in Sources */ = {isa = PBXBuildFile; fileRef = B7B802A21D1E1782004771E4 /* _9RedBalloonsUITests.swift */; };
		B7B802B51D1E17A0004771E4 /* BerlinTVTower.jpg in Resources */ = {isa = PBXBuildFile; fileRef = B7B802B01D1E17A0004771E4 /* BerlinTVTower.jpg */; };
		B7B802B61D1E17A0004771E4 /* RedBalloon1.jpg in Resources */ = {isa = PBXBuildFile; fileRef = B7B802B11D1E17A0004771E4 /* RedBalloon1.jpg */; };
		B7B802B71D1E17A0004771E4 /* RedBalloon2.jpg in Resources */ = {isa = PBXBuildFile; fileRef = B7B802B21D1E17A0004771E4 /* RedBalloon2.jpg */; };
		B7B802B81D1E17A0004771E4 /* RedBalloon3.jpg in Resources */ = {isa = PBXBuildFile; fileRef = B7B802B31D1E17A0004771E4 /* RedBalloon3.jpg */; };
		B7B802B91D1E17A0004771E4 /* RedBalloon4.jpg in Resources */ = {isa = PBXBuildFile; fileRef = B7B802B41D1E17A0004771E4 /* RedBalloon4.jpg */; };
		B7B802BB1D1E18AE004771E4 /* Balloon.swift in Sources */ = {isa = PBXBuildFile; fileRef = B7B802BA1D1E18AE004771E4 /* Balloon.swift */; };
/* End PBXBuildFile section */

/* Begin PBXContainerItemProxy section */
		B7B802941D1E1782004771E4 /* PBXContainerItemProxy */ = {
			isa = PBXContainerItemProxy;
			containerPortal = B7B802771D1E1781004771E4 /* Project object */;
			proxyType = 1;
			remoteGlobalIDString = B7B8027E1D1E1781004771E4;
			remoteInfo = 99RedBalloons;
		};
		B7B8029F1D1E1782004771E4 /* PBXContainerItemProxy */ = {
			isa = PBXContainerItemProxy;
			containerPortal = B7B802771D1E1781004771E4 /* Project object */;
			proxyType = 1;
			remoteGlobalIDString = B7B8027E1D1E1781004771E4;
			remoteInfo = 99RedBalloons;
		};
/* End PBXContainerItemProxy section */

/* Begin PBXFileReference section */
		B7B8027F1D1E1781004771E4 /* 99RedBalloons.app */ = {isa = PBXFileReference; explicitFileType = wrapper.application; includeInIndex = 0; path = 99RedBalloons.app; sourceTree = BUILT_PRODUCTS_DIR; };
		B7B802821D1E1781004771E4 /* AppDelegate.swift */ = {isa = PBXFileReference; lastKnownFileType = sourcecode.swift; path = AppDelegate.swift; sourceTree = "<group>"; };
		B7B802841D1E1781004771E4 /* ViewController.swift */ = {isa = PBXFileReference; lastKnownFileType = sourcecode.swift; path = ViewController.swift; sourceTree = "<group>"; };
		B7B802871D1E1781004771E4 /* Base */ = {isa = PBXFileReference; lastKnownFileType = file.storyboard; name = Base; path = Base.lproj/Main.storyboard; sourceTree = "<group>"; };
		B7B802891D1E1781004771E4 /* Assets.xcassets */ = {isa = PBXFileReference; lastKnownFileType = folder.assetcatalog; path = Assets.xcassets; sourceTree = "<group>"; };
		B7B8028C1D1E1781004771E4 /* Base */ = {isa = PBXFileReference; lastKnownFileType = file.storyboard; name = Base; path = Base.lproj/LaunchScreen.storyboard; sourceTree = "<group>"; };
		B7B8028E1D1E1781004771E4 /* Info.plist */ = {isa = PBXFileReference; lastKnownFileType = text.plist.xml; path = Info.plist; sourceTree = "<group>"; };
		B7B802931D1E1782004771E4 /* 99RedBalloonsTests.xctest */ = {isa = PBXFileReference; explicitFileType = wrapper.cfbundle; includeInIndex = 0; path = 99RedBalloonsTests.xctest; sourceTree = BUILT_PRODUCTS_DIR; };
		B7B802971D1E1782004771E4 /* _9RedBalloonsTests.swift */ = {isa = PBXFileReference; lastKnownFileType = sourcecode.swift; path = _9RedBalloonsTests.swift; sourceTree = "<group>"; };
		B7B802991D1E1782004771E4 /* Info.plist */ = {isa = PBXFileReference; lastKnownFileType = text.plist.xml; path = Info.plist; sourceTree = "<group>"; };
		B7B8029E1D1E1782004771E4 /* 99RedBalloonsUITests.xctest */ = {isa = PBXFileReference; explicitFileType = wrapper.cfbundle; includeInIndex = 0; path = 99RedBalloonsUITests.xctest; sourceTree = BUILT_PRODUCTS_DIR; };
		B7B802A21D1E1782004771E4 /* _9RedBalloonsUITests.swift */ = {isa = PBXFileReference; lastKnownFileType = sourcecode.swift; path = _9RedBalloonsUITests.swift; sourceTree = "<group>"; };
		B7B802A41D1E1782004771E4 /* Info.plist */ = {isa = PBXFileReference; lastKnownFileType = text.plist.xml; path = Info.plist; sourceTree = "<group>"; };
		B7B802B01D1E17A0004771E4 /* BerlinTVTower.jpg */ = {isa = PBXFileReference; lastKnownFileType = image.jpeg; path = BerlinTVTower.jpg; sourceTree = "<group>"; };
		B7B802B11D1E17A0004771E4 /* RedBalloon1.jpg */ = {isa = PBXFileReference; lastKnownFileType = image.jpeg; path = RedBalloon1.jpg; sourceTree = "<group>"; };
		B7B802B21D1E17A0004771E4 /* RedBalloon2.jpg */ = {isa = PBXFileReference; lastKnownFileType = image.jpeg; path = RedBalloon2.jpg; sourceTree = "<group>"; };
		B7B802B31D1E17A0004771E4 /* RedBalloon3.jpg */ = {isa = PBXFileReference; lastKnownFileType = image.jpeg; path = RedBalloon3.jpg; sourceTree = "<group>"; };
		B7B802B41D1E17A0004771E4 /* RedBalloon4.jpg */ = {isa = PBXFileReference; lastKnownFileType = image.jpeg; path = RedBalloon4.jpg; sourceTree = "<group>"; };
		B7B802BA1D1E18AE004771E4 /* Balloon.swift */ = {isa = PBXFileReference; fileEncoding = 4; lastKnownFileType = sourcecode.swift; path = Balloon.swift; sourceTree = "<group>"; };
/* End PBXFileReference section */

/* Begin PBXFrameworksBuildPhase section */
		B7B8027C1D1E1781004771E4 /* Frameworks */ = {
			isa = PBXFrameworksBuildPhase;
			buildActionMask = 2147483647;
			files = (
			);
			runOnlyForDeploymentPostprocessing = 0;
		};
		B7B802901D1E1782004771E4 /* Frameworks */ = {
			isa = PBXFrameworksBuildPhase;
			buildActionMask = 2147483647;
			files = (
			);
			runOnlyForDeploymentPostprocessing = 0;
		};
		B7B8029B1D1E1782004771E4 /* Frameworks */ = {
			isa = PBXFrameworksBuildPhase;
			buildActionMask = 2147483647;
			files = (
			);
			runOnlyForDeploymentPostprocessing = 0;
		};
/* End PBXFrameworksBuildPhase section */

/* Begin PBXGroup section */
		B7B802761D1E1781004771E4 = {
			isa = PBXGroup;
			children = (
				B7B802811D1E1781004771E4 /* 99RedBalloons */,
				B7B802961D1E1782004771E4 /* 99RedBalloonsTests */,
				B7B802A11D1E1782004771E4 /* 99RedBalloonsUITests */,
				B7B802801D1E1781004771E4 /* Products */,
			);
			sourceTree = "<group>";
		};
		B7B802801D1E1781004771E4 /* Products */ = {
			isa = PBXGroup;
			children = (
				B7B8027F1D1E1781004771E4 /* 99RedBalloons.app */,
				B7B802931D1E1782004771E4 /* 99RedBalloonsTests.xctest */,
				B7B8029E1D1E1782004771E4 /* 99RedBalloonsUITests.xctest */,
			);
			name = Products;
			sourceTree = "<group>";
		};
		B7B802811D1E1781004771E4 /* 99RedBalloons */ = {
			isa = PBXGroup;
			children = (
				B7B802B01D1E17A0004771E4 /* BerlinTVTower.jpg */,
				B7B802B11D1E17A0004771E4 /* RedBalloon1.jpg */,
				B7B802B21D1E17A0004771E4 /* RedBalloon2.jpg */,
				B7B802B31D1E17A0004771E4 /* RedBalloon3.jpg */,
				B7B802B41D1E17A0004771E4 /* RedBalloon4.jpg */,
				B7B802821D1E1781004771E4 /* AppDelegate.swift */,
				B7B802841D1E1781004771E4 /* ViewController.swift */,
				B7B802861D1E1781004771E4 /* Main.storyboard */,
				B7B802BA1D1E18AE004771E4 /* Balloon.swift */,
				B7B802891D1E1781004771E4 /* Assets.xcassets */,
				B7B8028B1D1E1781004771E4 /* LaunchScreen.storyboard */,
				B7B8028E1D1E1781004771E4 /* Info.plist */,
			);
			path = 99RedBalloons;
			sourceTree = "<group>";
		};
		B7B802961D1E1782004771E4 /* 99RedBalloonsTests */ = {
			isa = PBXGroup;
			children = (
				B7B802971D1E1782004771E4 /* _9RedBalloonsTests.swift */,
				B7B802991D1E1782004771E4 /* Info.plist */,
			);
			path = 99RedBalloonsTests;
			sourceTree = "<group>";
		};
		B7B802A11D1E1782004771E4 /* 99RedBalloonsUITests */ = {
			isa = PBXGroup;
			children = (
				B7B802A21D1E1782004771E4 /* _9RedBalloonsUITests.swift */,
				B7B802A41D1E1782004771E4 /* Info.plist */,
			);
			path = 99RedBalloonsUITests;
			sourceTree = "<group>";
		};
/* End PBXGroup section */

/* Begin PBXNativeTarget section */
		B7B8027E1D1E1781004771E4 /* 99RedBalloons */ = {
			isa = PBXNativeTarget;
			buildConfigurationList = B7B802A71D1E1782004771E4 /* Build configuration list for PBXNativeTarget "99RedBalloons" */;
			buildPhases = (
				B7B8027B1D1E1781004771E4 /* Sources */,
				B7B8027C1D1E1781004771E4 /* Frameworks */,
				B7B8027D1D1E1781004771E4 /* Resources */,
			);
			buildRules = (
			);
			dependencies = (
			);
			name = 99RedBalloons;
			productName = 99RedBalloons;
			productReference = B7B8027F1D1E1781004771E4 /* 99RedBalloons.app */;
			productType = "com.apple.product-type.application";
		};
		B7B802921D1E1782004771E4 /* 99RedBalloonsTests */ = {
			isa = PBXNativeTarget;
			buildConfigurationList = B7B802AA1D1E1782004771E4 /* Build configuration list for PBXNativeTarget "99RedBalloonsTests" */;
			buildPhases = (
				B7B8028F1D1E1782004771E4 /* Sources */,
				B7B802901D1E1782004771E4 /* Frameworks */,
				B7B802911D1E1782004771E4 /* Resources */,
			);
			buildRules = (
			);
			dependencies = (
				B7B802951D1E1782004771E4 /* PBXTargetDependency */,
			);
			name = 99RedBalloonsTests;
			productName = 99RedBalloonsTests;
			productReference = B7B802931D1E1782004771E4 /* 99RedBalloonsTests.xctest */;
			productType = "com.apple.product-type.bundle.unit-test";
		};
		B7B8029D1D1E1782004771E4 /* 99RedBalloonsUITests */ = {
			isa = PBXNativeTarget;
			buildConfigurationList = B7B802AD1D1E1782004771E4 /* Build configuration list for PBXNativeTarget "99RedBalloonsUITests" */;
			buildPhases = (
				B7B8029A1D1E1782004771E4 /* Sources */,
				B7B8029B1D1E1782004771E4 /* Frameworks */,
				B7B8029C1D1E1782004771E4 /* Resources */,
			);
			buildRules = (
			);
			dependencies = (
				B7B802A01D1E1782004771E4 /* PBXTargetDependency */,
			);
			name = 99RedBalloonsUITests;
			productName = 99RedBalloonsUITests;
			productReference = B7B8029E1D1E1782004771E4 /* 99RedBalloonsUITests.xctest */;
			productType = "com.apple.product-type.bundle.ui-testing";
		};
/* End PBXNativeTarget section */

/* Begin PBXProject section */
		B7B802771D1E1781004771E4 /* Project object */ = {
			isa = PBXProject;
			attributes = {
				LastSwiftUpdateCheck = 0730;
				LastUpgradeCheck = 0730;
				ORGANIZATIONNAME = Lynx;
				TargetAttributes = {
					B7B8027E1D1E1781004771E4 = {
						CreatedOnToolsVersion = 7.3.1;
						DevelopmentTeam = MK3NCQPCDV;
					};
					B7B802921D1E1782004771E4 = {
						CreatedOnToolsVersion = 7.3.1;
						DevelopmentTeam = MK3NCQPCDV;
						TestTargetID = B7B8027E1D1E1781004771E4;
					};
					B7B8029D1D1E1782004771E4 = {
						CreatedOnToolsVersion = 7.3.1;
						DevelopmentTeam = MK3NCQPCDV;
						TestTargetID = B7B8027E1D1E1781004771E4;
					};
				};
			};
			buildConfigurationList = B7B8027A1D1E1781004771E4 /* Build configuration list for PBXProject "99RedBalloons" */;
			compatibilityVersion = "Xcode 3.2";
			developmentRegion = English;
			hasScannedForEncodings = 0;
			knownRegions = (
				en,
				Base,
			);
			mainGroup = B7B802761D1E1781004771E4;
			productRefGroup = B7B802801D1E1781004771E4 /* Products */;
			projectDirPath = "";
			projectRoot = "";
			targets = (
				B7B8027E1D1E1781004771E4 /* 99RedBalloons */,
				B7B802921D1E1782004771E4 /* 99RedBalloonsTests */,
				B7B8029D1D1E1782004771E4 /* 99RedBalloonsUITests */,
			);
		};
/* End PBXProject section */

/* Begin PBXResourcesBuildPhase section */
		B7B8027D1D1E1781004771E4 /* Resources */ = {
			isa = PBXResourcesBuildPhase;
			buildActionMask = 2147483647;
			files = (
				B7B802B71D1E17A0004771E4 /* RedBalloon2.jpg in Resources */,
				B7B8028D1D1E1781004771E4 /* LaunchScreen.storyboard in Resources */,
				B7B802B81D1E17A0004771E4 /* RedBalloon3.jpg in Resources */,
				B7B8028A1D1E1781004771E4 /* Assets.xcassets in Resources */,
				B7B802B91D1E17A0004771E4 /* RedBalloon4.jpg in Resources */,
				B7B802881D1E1781004771E4 /* Main.storyboard in Resources */,
				B7B802B61D1E17A0004771E4 /* RedBalloon1.jpg in Resources */,
				B7B802B51D1E17A0004771E4 /* BerlinTVTower.jpg in Resources */,
			);
			runOnlyForDeploymentPostprocessing = 0;
		};
		B7B802911D1E1782004771E4 /* Resources */ = {
			isa = PBXResourcesBuildPhase;
			buildActionMask = 2147483647;
			files = (
			);
			runOnlyForDeploymentPostprocessing = 0;
		};
		B7B8029C1D1E1782004771E4 /* Resources */ = {
			isa = PBXResourcesBuildPhase;
			buildActionMask = 2147483647;
			files = (
			);
			runOnlyForDeploymentPostprocessing = 0;
		};
/* End PBXResourcesBuildPhase section */

/* Begin PBXSourcesBuildPhase section */
		B7B8027B1D1E1781004771E4 /* Sources */ = {
			isa = PBXSourcesBuildPhase;
			buildActionMask = 2147483647;
			files = (
				B7B802851D1E1781004771E4 /* ViewController.swift in Sources */,
				B7B802BB1D1E18AE004771E4 /* Balloon.swift in Sources */,
				B7B802831D1E1781004771E4 /* AppDelegate.swift in Sources */,
			);
			runOnlyForDeploymentPostprocessing = 0;
		};
		B7B8028F1D1E1782004771E4 /* Sources */ = {
			isa = PBXSourcesBuildPhase;
			buildActionMask = 2147483647;
			files = (
				B7B802981D1E1782004771E4 /* _9RedBalloonsTests.swift in Sources */,
			);
			runOnlyForDeploymentPostprocessing = 0;
		};
		B7B8029A1D1E1782004771E4 /* Sources */ = {
			isa = PBXSourcesBuildPhase;
			buildActionMask = 2147483647;
			files = (
				B7B802A31D1E1782004771E4 /* _9RedBalloonsUITests.swift in Sources */,
			);
			runOnlyForDeploymentPostprocessing = 0;
		};
/* End PBXSourcesBuildPhase section */

/* Begin PBXTargetDependency section */
		B7B802951D1E1782004771E4 /* PBXTargetDependency */ = {
			isa = PBXTargetDependency;
			target = B7B8027E1D1E1781004771E4 /* 99RedBalloons */;
			targetProxy = B7B802941D1E1782004771E4 /* PBXContainerItemProxy */;
		};
		B7B802A01D1E1782004771E4 /* PBXTargetDependency */ = {
			isa = PBXTargetDependency;
			target = B7B8027E1D1E1781004771E4 /* 99RedBalloons */;
			targetProxy = B7B8029F1D1E1782004771E4 /* PBXContainerItemProxy */;
		};
/* End PBXTargetDependency section */

/* Begin PBXVariantGroup section */
		B7B802861D1E1781004771E4 /* Main.storyboard */ = {
			isa = PBXVariantGroup;
			children = (
				B7B802871D1E1781004771E4 /* Base */,
			);
			name = Main.storyboard;
			sourceTree = "<group>";
		};
		B7B8028B1D1E1781004771E4 /* LaunchScreen.storyboard */ = {
			isa = PBXVariantGroup;
			children = (
				B7B8028C1D1E1781004771E4 /* Base */,
			);
			name = LaunchScreen.storyboard;
			sourceTree = "<group>";
		};
/* End PBXVariantGroup section */

/* Begin XCBuildConfiguration section */
		B7B802A51D1E1782004771E4 /* Debug */ = {
			isa = XCBuildConfiguration;
			buildSettings = {
				ALWAYS_SEARCH_USER_PATHS = NO;
				CLANG_ANALYZER_NONNULL = YES;
				CLANG_CXX_LANGUAGE_STANDARD = "gnu++0x";
				CLANG_CXX_LIBRARY = "libc++";
				CLANG_ENABLE_MODULES = YES;
				CLANG_ENABLE_OBJC_ARC = YES;
				CLANG_WARN_BOOL_CONVERSION = YES;
				CLANG_WARN_CONSTANT_CONVERSION = YES;
				CLANG_WARN_DIRECT_OBJC_ISA_USAGE = YES_ERROR;
				CLANG_WARN_EMPTY_BODY = YES;
				CLANG_WARN_ENUM_CONVERSION = YES;
				CLANG_WARN_INT_CONVERSION = YES;
				CLANG_WARN_OBJC_ROOT_CLASS = YES_ERROR;
				CLANG_WARN_UNREACHABLE_CODE = YES;
				CLANG_WARN__DUPLICATE_METHOD_MATCH = YES;
				"CODE_SIGN_IDENTITY[sdk=iphoneos*]" = "iPhone Developer";
				COPY_PHASE_STRIP = NO;
				DEBUG_INFORMATION_FORMAT = dwarf;
				ENABLE_STRICT_OBJC_MSGSEND = YES;
				ENABLE_TESTABILITY = YES;
				GCC_C_LANGUAGE_STANDARD = gnu99;
				GCC_DYNAMIC_NO_PIC = NO;
				GCC_NO_COMMON_BLOCKS = YES;
				GCC_OPTIMIZATION_LEVEL = 0;
				GCC_PREPROCESSOR_DEFINITIONS = (
					"DEBUG=1",
					"$(inherited)",
				);
				GCC_WARN_64_TO_32_BIT_CONVERSION = YES;
				GCC_WARN_ABOUT_RETURN_TYPE = YES_ERROR;
				GCC_WARN_UNDECLARED_SELECTOR = YES;
				GCC_WARN_UNINITIALIZED_AUTOS = YES_AGGRESSIVE;
				GCC_WARN_UNUSED_FUNCTION = YES;
				GCC_WARN_UNUSED_VARIABLE = YES;
				IPHONEOS_DEPLOYMENT_TARGET = 9.3;
				MTL_ENABLE_DEBUG_INFO = YES;
				ONLY_ACTIVE_ARCH = YES;
				SDKROOT = iphoneos;
				SWIFT_OPTIMIZATION_LEVEL = "-Onone";
				TARGETED_DEVICE_FAMILY = "1,2";
			};
			name = Debug;
		};
		B7B802A61D1E1782004771E4 /* Release */ = {
			isa = XCBuildConfiguration;
			buildSettings = {
				ALWAYS_SEARCH_USER_PATHS = NO;
				CLANG_ANALYZER_NONNULL = YES;
				CLANG_CXX_LANGUAGE_STANDARD = "gnu++0x";
				CLANG_CXX_LIBRARY = "libc++";
				CLANG_ENABLE_MODULES = YES;
				CLANG_ENABLE_OBJC_ARC = YES;
				CLANG_WARN_BOOL_CONVERSION = YES;
				CLANG_WARN_CONSTANT_CONVERSION = YES;
				CLANG_WARN_DIRECT_OBJC_ISA_USAGE = YES_ERROR;
				CLANG_WARN_EMPTY_BODY = YES;
				CLANG_WARN_ENUM_CONVERSION = YES;
				CLANG_WARN_INT_CONVERSION = YES;
				CLANG_WARN_OBJC_ROOT_CLASS = YES_ERROR;
				CLANG_WARN_UNREACHABLE_CODE = YES;
				CLANG_WARN__DUPLICATE_METHOD_MATCH = YES;
				"CODE_SIGN_IDENTITY[sdk=iphoneos*]" = "iPhone Developer";
				COPY_PHASE_STRIP = NO;
				DEBUG_INFORMATION_FORMAT = "dwarf-with-dsym";
				ENABLE_NS_ASSERTIONS = NO;
				ENABLE_STRICT_OBJC_MSGSEND = YES;
				GCC_C_LANGUAGE_STANDARD = gnu99;
				GCC_NO_COMMON_BLOCKS = YES;
				GCC_WARN_64_TO_32_BIT_CONVERSION = YES;
				GCC_WARN_ABOUT_RETURN_TYPE = YES_ERROR;
				GCC_WARN_UNDECLARED_SELECTOR = YES;
				GCC_WARN_UNINITIALIZED_AUTOS = YES_AGGRESSIVE;
				GCC_WARN_UNUSED_FUNCTION = YES;
				GCC_WARN_UNUSED_VARIABLE = YES;
				IPHONEOS_DEPLOYMENT_TARGET = 9.3;
				MTL_ENABLE_DEBUG_INFO = NO;
				SDKROOT = iphoneos;
				TARGETED_DEVICE_FAMILY = "1,2";
				VALIDATE_PRODUCT = YES;
			};
			name = Release;
		};
		B7B802A81D1E1782004771E4 /* Debug */ = {
			isa = XCBuildConfiguration;
			buildSettings = {
				ASSETCATALOG_COMPILER_APPICON_NAME = AppIcon;
				INFOPLIST_FILE = 99RedBalloons/Info.plist;
				LD_RUNPATH_SEARCH_PATHS = "$(inherited) @executable_path/Frameworks";
				PRODUCT_BUNDLE_IDENTIFIER = "com.rhodes.brian.-9RedBalloons";
				PRODUCT_NAME = "$(TARGET_NAME)";
			};
			name = Debug;
		};
		B7B802A91D1E1782004771E4 /* Release */ = {
			isa = XCBuildConfiguration;
			buildSettings = {
				ASSETCATALOG_COMPILER_APPICON_NAME = AppIcon;
				INFOPLIST_FILE = 99RedBalloons/Info.plist;
				LD_RUNPATH_SEARCH_PATHS = "$(inherited) @executable_path/Frameworks";
				PRODUCT_BUNDLE_IDENTIFIER = "com.rhodes.brian.-9RedBalloons";
				PRODUCT_NAME = "$(TARGET_NAME)";
			};
			name = Release;
		};
		B7B802AB1D1E1782004771E4 /* Debug */ = {
			isa = XCBuildConfiguration;
			buildSettings = {
				BUNDLE_LOADER = "$(TEST_HOST)";
				INFOPLIST_FILE = 99RedBalloonsTests/Info.plist;
				LD_RUNPATH_SEARCH_PATHS = "$(inherited) @executable_path/Frameworks @loader_path/Frameworks";
				PRODUCT_BUNDLE_IDENTIFIER = "com.rhodes.brian.-9RedBalloonsTests";
				PRODUCT_NAME = "$(TARGET_NAME)";
				TEST_HOST = "$(BUILT_PRODUCTS_DIR)/99RedBalloons.app/99RedBalloons";
			};
			name = Debug;
		};
		B7B802AC1D1E1782004771E4 /* Release */ = {
			isa = XCBuildConfiguration;
			buildSettings = {
				BUNDLE_LOADER = "$(TEST_HOST)";
				INFOPLIST_FILE = 99RedBalloonsTests/Info.plist;
				LD_RUNPATH_SEARCH_PATHS = "$(inherited) @executable_path/Frameworks @loader_path/Frameworks";
				PRODUCT_BUNDLE_IDENTIFIER = "com.rhodes.brian.-9RedBalloonsTests";
				PRODUCT_NAME = "$(TARGET_NAME)";
				TEST_HOST = "$(BUILT_PRODUCTS_DIR)/99RedBalloons.app/99RedBalloons";
			};
			name = Release;
		};
		B7B802AE1D1E1782004771E4 /* Debug */ = {
			isa = XCBuildConfiguration;
			buildSettings = {
				INFOPLIST_FILE = 99RedBalloonsUITests/Info.plist;
				LD_RUNPATH_SEARCH_PATHS = "$(inherited) @executable_path/Frameworks @loader_path/Frameworks";
				PRODUCT_BUNDLE_IDENTIFIER = "com.rhodes.brian.-9RedBalloonsUITests";
				PRODUCT_NAME = "$(TARGET_NAME)";
				TEST_TARGET_NAME = 99RedBalloons;
			};
			name = Debug;
		};
		B7B802AF1D1E1782004771E4 /* Release */ = {
			isa = XCBuildConfiguration;
			buildSettings = {
				INFOPLIST_FILE = 99RedBalloonsUITests/Info.plist;
				LD_RUNPATH_SEARCH_PATHS = "$(inherited) @executable_path/Frameworks @loader_path/Frameworks";
				PRODUCT_BUNDLE_IDENTIFIER = "com.rhodes.brian.-9RedBalloonsUITests";
				PRODUCT_NAME = "$(TARGET_NAME)";
				TEST_TARGET_NAME = 99RedBalloons;
			};
			name = Release;
		};
/* End XCBuildConfiguration section */

/* Begin XCConfigurationList section */
		B7B8027A1D1E1781004771E4 /* Build configuration list for PBXProject "99RedBalloons" */ = {
			isa = XCConfigurationList;
			buildConfigurations = (
				B7B802A51D1E1782004771E4 /* Debug */,
				B7B802A61D1E1782004771E4 /* Release */,
			);
			defaultConfigurationIsVisible = 0;
			defaultConfigurationName = Release;
		};
		B7B802A71D1E1782004771E4 /* Build configuration list for PBXNativeTarget "99RedBalloons" */ = {
			isa = XCConfigurationList;
			buildConfigurations = (
				B7B802A81D1E1782004771E4 /* Debug */,
				B7B802A91D1E1782004771E4 /* Release */,
			);
			defaultConfigurationIsVisible = 0;
		};
		B7B802AA1D1E1782004771E4 /* Build configuration list for PBXNativeTarget "99RedBalloonsTests" */ = {
			isa = XCConfigurationList;
			buildConfigurations = (
				B7B802AB1D1E1782004771E4 /* Debug */,
				B7B802AC1D1E1782004771E4 /* Release */,
			);
			defaultConfigurationIsVisible = 0;
		};
		B7B802AD1D1E1782004771E4 /* Build configuration list for PBXNativeTarget "99RedBalloonsUITests" */ = {
			isa = XCConfigurationList;
			buildConfigurations = (
				B7B802AE1D1E1782004771E4 /* Debug */,
				B7B802AF1D1E1782004771E4 /* Release */,
			);
			defaultConfigurationIsVisible = 0;
		};
/* End XCConfigurationList section */
	};
	rootObject = B7B802771D1E1781004771E4 /* Project object */;
}
